
Microsoft Visual Studio Solution File, Format Version 12.00
# Visual Studio Version 17
VisualStudioVersion = 17.4.33110.190
MinimumVisualStudioVersion = 10.0.40219.1
Project("{9A19103F-16F7-4668-BE54-9A1E7A4F7556}") = "lab13", "lab13.csproj", "{6EBE8089-6BE5-4C3D-A045-10ADD6C36A87}"
EndProject
Project("{9A19103F-16F7-4668-BE54-9A1E7A4F7556}") = "libmas", "..\libmas\libmas.csproj", "{3407761E-8F32-4C2A-AB42-E74AFACF6E31}"
EndProject
Global
	GlobalSection(SolutionConfigurationPlatforms) = preSolution
		Debug|Any CPU = Debug|Any CPU
		Release|Any CPU = Release|Any CPU
	EndGlobalSection
	GlobalSection(ProjectConfigurationPlatforms) = postSolution
		{6EBE8089-6BE5-4C3D-A045-10ADD6C36A87}.Debug|Any CPU.ActiveCfg = Debug|Any CPU
		{6EBE8089-6BE5-4C3D-A045-10ADD6C36A87}.Debug|Any CPU.Build.0 = Debug|Any CPU
		{6EBE8089-6BE5-4C3D-A045-10ADD6C36A87}.Release|Any CPU.ActiveCfg = Release|Any CPU
		{6EBE8089-6BE5-4C3D-A045-10ADD6C36A87}.Release|Any CPU.Build.0 = Release|Any CPU
		{3407761E-8F32-4C2A-AB42-E74AFACF6E31}.Debug|Any CPU.ActiveCfg = Debug|Any CPU
		{3407761E-8F32-4C2A-AB42-E74AFACF6E31}.Debug|Any CPU.Build.0 = Debug|Any CPU
		{3407761E-8F32-4C2A-AB42-E74AFACF6E31}.Release|Any CPU.ActiveCfg = Release|Any CPU
		{3407761E-8F32-4C2A-AB42-E74AFACF6E31}.Release|Any CPU.Build.0 = Release|Any CPU
	EndGlobalSection
	GlobalSection(SolutionProperties) = preSolution
		HideSolutionNode = FALSE
	EndGlobalSection
	GlobalSection(ExtensibilityGlobals) = postSolution
		SolutionGuid = {300ED1C2-AAD9-4A31-BF20-D15E2D0FD2A4}
	EndGlobalSection
EndGlobal
